
Microsoft Visual Studio Solution File, Format Version 12.00
# Visual Studio Version 16
VisualStudioVersion = 16.0.30320.27
MinimumVisualStudioVersion = 10.0.40219.1
Project("{FAE04EC0-301F-11D3-BF4B-00C04F79EFBC}") = "Twitter.Api", "Twitter.Api.csproj", "{FBFA3104-9F7C-411D-80DB-4B00747266E0}"
EndProject
Project("{FAE04EC0-301F-11D3-BF4B-00C04F79EFBC}") = "Twitter.Infrastructure", "..\Twitter.Infrastructure\Twitter.Infrastructure.csproj", "{807A49A2-DD5F-48B3-AD1B-ED986F9B8C25}"
EndProject
Project("{FAE04EC0-301F-11D3-BF4B-00C04F79EFBC}") = "Twitter.Core", "..\Twitter.Core\Twitter.Core.csproj", "{9315E3B2-C35A-453B-AAF6-A4AACAD5C191}"
EndProject
Global
	GlobalSection(SolutionConfigurationPlatforms) = preSolution
		Debug|Any CPU = Debug|Any CPU
		Release|Any CPU = Release|Any CPU
	EndGlobalSection
	GlobalSection(ProjectConfigurationPlatforms) = postSolution
		{FBFA3104-9F7C-411D-80DB-4B00747266E0}.Debug|Any CPU.ActiveCfg = Debug|Any CPU
		{FBFA3104-9F7C-411D-80DB-4B00747266E0}.Debug|Any CPU.Build.0 = Debug|Any CPU
		{FBFA3104-9F7C-411D-80DB-4B00747266E0}.Release|Any CPU.ActiveCfg = Release|Any CPU
		{FBFA3104-9F7C-411D-80DB-4B00747266E0}.Release|Any CPU.Build.0 = Release|Any CPU
		{807A49A2-DD5F-48B3-AD1B-ED986F9B8C25}.Debug|Any CPU.ActiveCfg = Debug|Any CPU
		{807A49A2-DD5F-48B3-AD1B-ED986F9B8C25}.Debug|Any CPU.Build.0 = Debug|Any CPU
		{807A49A2-DD5F-48B3-AD1B-ED986F9B8C25}.Release|Any CPU.ActiveCfg = Release|Any CPU
		{807A49A2-DD5F-48B3-AD1B-ED986F9B8C25}.Release|Any CPU.Build.0 = Release|Any CPU
		{9315E3B2-C35A-453B-AAF6-A4AACAD5C191}.Debug|Any CPU.ActiveCfg = Debug|Any CPU
		{9315E3B2-C35A-453B-AAF6-A4AACAD5C191}.Debug|Any CPU.Build.0 = Debug|Any CPU
		{9315E3B2-C35A-453B-AAF6-A4AACAD5C191}.Release|Any CPU.ActiveCfg = Release|Any CPU
		{9315E3B2-C35A-453B-AAF6-A4AACAD5C191}.Release|Any CPU.Build.0 = Release|Any CPU
	EndGlobalSection
	GlobalSection(SolutionProperties) = preSolution
		HideSolutionNode = FALSE
	EndGlobalSection
	GlobalSection(ExtensibilityGlobals) = postSolution
		SolutionGuid = {4D83344B-5A92-492D-B718-52245813E382}
	EndGlobalSection
EndGlobal
